
Microsoft Visual Studio Solution File, Format Version 12.00
# Visual Studio 15
VisualStudioVersion = 15.0.28307.1082
MinimumVisualStudioVersion = 10.0.40219.1
Project("{FAE04EC0-301F-11D3-BF4B-00C04F79EFBC}") = "AppDemo1Repo", "AppDemo1Repo\AppDemo1Repo.csproj", "{7A643976-0D70-47FA-96E8-C3C4E058424F}"
EndProject
Global
	GlobalSection(SolutionConfigurationPlatforms) = preSolution
		Debug|Any CPU = Debug|Any CPU
		Release|Any CPU = Release|Any CPU
	EndGlobalSection
	GlobalSection(ProjectConfigurationPlatforms) = postSolution
		{7A643976-0D70-47FA-96E8-C3C4E058424F}.Debug|Any CPU.ActiveCfg = Debug|Any CPU
		{7A643976-0D70-47FA-96E8-C3C4E058424F}.Debug|Any CPU.Build.0 = Debug|Any CPU
		{7A643976-0D70-47FA-96E8-C3C4E058424F}.Release|Any CPU.ActiveCfg = Release|Any CPU
		{7A643976-0D70-47FA-96E8-C3C4E058424F}.Release|Any CPU.Build.0 = Release|Any CPU
	EndGlobalSection
	GlobalSection(SolutionProperties) = preSolution
		HideSolutionNode = FALSE
	EndGlobalSection
	GlobalSection(ExtensibilityGlobals) = postSolution
		SolutionGuid = {A5F96B04-5588-4EAB-8597-5AD8C4A1C5D0}
	EndGlobalSection
EndGlobal
